// !$*UTF8*$!
{
	archiveVersion = 1;
	classes = {
	};
	objectVersion = 46;
	objects = {

/* Begin PBXBuildFile section */
		AE5EEC251C9C957D00470ED0 /* main.m in Sources */ = {isa = PBXBuildFile; fileRef = AE5EEC241C9C957D00470ED0 /* main.m */; };
		AE5EEC281C9C957D00470ED0 /* AppDelegate.m in Sources */ = {isa = PBXBuildFile; fileRef = AE5EEC271C9C957D00470ED0 /* AppDelegate.m */; };
		AE5EEC2B1C9C957D00470ED0 /* ViewController.m in Sources */ = {isa = PBXBuildFile; fileRef = AE5EEC2A1C9C957D00470ED0 /* ViewController.m */; };
		AE5EEC2E1C9C957D00470ED0 /* Main.storyboard in Resources */ = {isa = PBXBuildFile; fileRef = AE5EEC2C1C9C957D00470ED0 /* Main.storyboard */; };
		AE5EEC301C9C957D00470ED0 /* Assets.xcassets in Resources */ = {isa = PBXBuildFile; fileRef = AE5EEC2F1C9C957D00470ED0 /* Assets.xcassets */; };
		AE5EEC331C9C957D00470ED0 /* LaunchScreen.storyboard in Resources */ = {isa = PBXBuildFile; fileRef = AE5EEC311C9C957D00470ED0 /* LaunchScreen.storyboard */; };
		AE5EEC3E1C9C957D00470ED0 /* Realm_UnitTestsTests.m in Sources */ = {isa = PBXBuildFile; fileRef = AE5EEC3D1C9C957D00470ED0 /* Realm_UnitTestsTests.m */; };
/* End PBXBuildFile section */

/* Begin PBXContainerItemProxy section */
		AE5EEC3A1C9C957D00470ED0 /* PBXContainerItemProxy */ = {
			isa = PBXContainerItemProxy;
			containerPortal = AE5EEC181C9C957D00470ED0 /* Project object */;
			proxyType = 1;
			remoteGlobalIDString = AE5EEC1F1C9C957D00470ED0;
			remoteInfo = "Realm-UnitTests";
		};
/* End PBXContainerItemProxy section */

/* Begin PBXFileReference section */
		AE5EEC201C9C957D00470ED0 /* Realm-UnitTests.app */ = {isa = PBXFileReference; explicitFileType = wrapper.application; includeInIndex = 0; path = "Realm-UnitTests.app"; sourceTree = BUILT_PRODUCTS_DIR; };
		AE5EEC241C9C957D00470ED0 /* main.m */ = {isa = PBXFileReference; lastKnownFileType = sourcecode.c.objc; path = main.m; sourceTree = "<group>"; };
		AE5EEC261C9C957D00470ED0 /* AppDelegate.h */ = {isa = PBXFileReference; lastKnownFileType = sourcecode.c.h; path = AppDelegate.h; sourceTree = "<group>"; };
		AE5EEC271C9C957D00470ED0 /* AppDelegate.m */ = {isa = PBXFileReference; lastKnownFileType = sourcecode.c.objc; path = AppDelegate.m; sourceTree = "<group>"; };
		AE5EEC291C9C957D00470ED0 /* ViewController.h */ = {isa = PBXFileReference; lastKnownFileType = sourcecode.c.h; path = ViewController.h; sourceTree = "<group>"; };
		AE5EEC2A1C9C957D00470ED0 /* ViewController.m */ = {isa = PBXFileReference; lastKnownFileType = sourcecode.c.objc; path = ViewController.m; sourceTree = "<group>"; };
		AE5EEC2D1C9C957D00470ED0 /* Base */ = {isa = PBXFileReference; lastKnownFileType = file.storyboard; name = Base; path = Base.lproj/Main.storyboard; sourceTree = "<group>"; };
		AE5EEC2F1C9C957D00470ED0 /* Assets.xcassets */ = {isa = PBXFileReference; lastKnownFileType = folder.assetcatalog; path = Assets.xcassets; sourceTree = "<group>"; };
		AE5EEC321C9C957D00470ED0 /* Base */ = {isa = PBXFileReference; lastKnownFileType = file.storyboard; name = Base; path = Base.lproj/LaunchScreen.storyboard; sourceTree = "<group>"; };
		AE5EEC341C9C957D00470ED0 /* Info.plist */ = {isa = PBXFileReference; lastKnownFileType = text.plist.xml; path = Info.plist; sourceTree = "<group>"; };
		AE5EEC391C9C957D00470ED0 /* Realm-UnitTestsTests.xctest */ = {isa = PBXFileReference; explicitFileType = wrapper.cfbundle; includeInIndex = 0; path = "Realm-UnitTestsTests.xctest"; sourceTree = BUILT_PRODUCTS_DIR; };
		AE5EEC3D1C9C957D00470ED0 /* Realm_UnitTestsTests.m */ = {isa = PBXFileReference; lastKnownFileType = sourcecode.c.objc; path = Realm_UnitTestsTests.m; sourceTree = "<group>"; };
		AE5EEC3F1C9C957D00470ED0 /* Info.plist */ = {isa = PBXFileReference; lastKnownFileType = text.plist.xml; path = Info.plist; sourceTree = "<group>"; };
/* End PBXFileReference section */

/* Begin PBXFrameworksBuildPhase section */
		AE5EEC1D1C9C957D00470ED0 /* Frameworks */ = {
			isa = PBXFrameworksBuildPhase;
			buildActionMask = 2147483647;
			files = (
			);
			runOnlyForDeploymentPostprocessing = 0;
		};
		AE5EEC361C9C957D00470ED0 /* Frameworks */ = {
			isa = PBXFrameworksBuildPhase;
			buildActionMask = 2147483647;
			files = (
			);
			runOnlyForDeploymentPostprocessing = 0;
		};
/* End PBXFrameworksBuildPhase section */

/* Begin PBXGroup section */
		AE5EEC171C9C957D00470ED0 = {
			isa = PBXGroup;
			children = (
				AE5EEC221C9C957D00470ED0 /* Realm-UnitTests */,
				AE5EEC3C1C9C957D00470ED0 /* Realm-UnitTestsTests */,
				AE5EEC211C9C957D00470ED0 /* Products */,
			);
			sourceTree = "<group>";
		};
		AE5EEC211C9C957D00470ED0 /* Products */ = {
			isa = PBXGroup;
			children = (
				AE5EEC201C9C957D00470ED0 /* Realm-UnitTests.app */,
				AE5EEC391C9C957D00470ED0 /* Realm-UnitTestsTests.xctest */,
			);
			name = Products;
			sourceTree = "<group>";
		};
		AE5EEC221C9C957D00470ED0 /* Realm-UnitTests */ = {
			isa = PBXGroup;
			children = (
				AE5EEC261C9C957D00470ED0 /* AppDelegate.h */,
				AE5EEC271C9C957D00470ED0 /* AppDelegate.m */,
				AE5EEC291C9C957D00470ED0 /* ViewController.h */,
				AE5EEC2A1C9C957D00470ED0 /* ViewController.m */,
				AE5EEC2C1C9C957D00470ED0 /* Main.storyboard */,
				AE5EEC2F1C9C957D00470ED0 /* Assets.xcassets */,
				AE5EEC311C9C957D00470ED0 /* LaunchScreen.storyboard */,
				AE5EEC341C9C957D00470ED0 /* Info.plist */,
				AE5EEC231C9C957D00470ED0 /* Supporting Files */,
			);
			path = "Realm-UnitTests";
			sourceTree = "<group>";
		};
		AE5EEC231C9C957D00470ED0 /* Supporting Files */ = {
			isa = PBXGroup;
			children = (
				AE5EEC241C9C957D00470ED0 /* main.m */,
			);
			name = "Supporting Files";
			sourceTree = "<group>";
		};
		AE5EEC3C1C9C957D00470ED0 /* Realm-UnitTestsTests */ = {
			isa = PBXGroup;
			children = (
				AE5EEC3D1C9C957D00470ED0 /* Realm_UnitTestsTests.m */,
				AE5EEC3F1C9C957D00470ED0 /* Info.plist */,
			);
			path = "Realm-UnitTestsTests";
			sourceTree = "<group>";
		};
/* End PBXGroup section */

/* Begin PBXNativeTarget section */
		AE5EEC1F1C9C957D00470ED0 /* Realm-UnitTests */ = {
			isa = PBXNativeTarget;
			buildConfigurationList = AE5EEC421C9C957D00470ED0 /* Build configuration list for PBXNativeTarget "Realm-UnitTests" */;
			buildPhases = (
				AE5EEC1C1C9C957D00470ED0 /* Sources */,
				AE5EEC1D1C9C957D00470ED0 /* Frameworks */,
				AE5EEC1E1C9C957D00470ED0 /* Resources */,
			);
			buildRules = (
			);
			dependencies = (
			);
			name = "Realm-UnitTests";
			productName = "Realm-UnitTests";
			productReference = AE5EEC201C9C957D00470ED0 /* Realm-UnitTests.app */;
			productType = "com.apple.product-type.application";
		};
		AE5EEC381C9C957D00470ED0 /* Realm-UnitTestsTests */ = {
			isa = PBXNativeTarget;
			buildConfigurationList = AE5EEC451C9C957D00470ED0 /* Build configuration list for PBXNativeTarget "Realm-UnitTestsTests" */;
			buildPhases = (
				AE5EEC351C9C957D00470ED0 /* Sources */,
				AE5EEC361C9C957D00470ED0 /* Frameworks */,
				AE5EEC371C9C957D00470ED0 /* Resources */,
			);
			buildRules = (
			);
			dependencies = (
				AE5EEC3B1C9C957D00470ED0 /* PBXTargetDependency */,
			);
			name = "Realm-UnitTestsTests";
			productName = "Realm-UnitTestsTests";
			productReference = AE5EEC391C9C957D00470ED0 /* Realm-UnitTestsTests.xctest */;
			productType = "com.apple.product-type.bundle.unit-test";
		};
/* End PBXNativeTarget section */

/* Begin PBXProject section */
		AE5EEC181C9C957D00470ED0 /* Project object */ = {
			isa = PBXProject;
			attributes = {
				LastUpgradeCheck = 0720;
				ORGANIZATIONNAME = LeffelMania;
				TargetAttributes = {
					AE5EEC1F1C9C957D00470ED0 = {
						CreatedOnToolsVersion = 7.2.1;
					};
					AE5EEC381C9C957D00470ED0 = {
						CreatedOnToolsVersion = 7.2.1;
						TestTargetID = AE5EEC1F1C9C957D00470ED0;
					};
				};
			};
			buildConfigurationList = AE5EEC1B1C9C957D00470ED0 /* Build configuration list for PBXProject "Realm-UnitTests" */;
			compatibilityVersion = "Xcode 3.2";
			developmentRegion = English;
			hasScannedForEncodings = 0;
			knownRegions = (
				en,
				Base,
			);
			mainGroup = AE5EEC171C9C957D00470ED0;
			productRefGroup = AE5EEC211C9C957D00470ED0 /* Products */;
			projectDirPath = "";
			projectRoot = "";
			targets = (
				AE5EEC1F1C9C957D00470ED0 /* Realm-UnitTests */,
				AE5EEC381C9C957D00470ED0 /* Realm-UnitTestsTests */,
			);
		};
/* End PBXProject section */

/* Begin PBXResourcesBuildPhase section */
		AE5EEC1E1C9C957D00470ED0 /* Resources */ = {
			isa = PBXResourcesBuildPhase;
			buildActionMask = 2147483647;
			files = (
				AE5EEC331C9C957D00470ED0 /* LaunchScreen.storyboard in Resources */,
				AE5EEC301C9C957D00470ED0 /* Assets.xcassets in Resources */,
				AE5EEC2E1C9C957D00470ED0 /* Main.storyboard in Resources */,
			);
			runOnlyForDeploymentPostprocessing = 0;
		};
		AE5EEC371C9C957D00470ED0 /* Resources */ = {
			isa = PBXResourcesBuildPhase;
			buildActionMask = 2147483647;
			files = (
			);
			runOnlyForDeploymentPostprocessing = 0;
		};
/* End PBXResourcesBuildPhase section */

/* Begin PBXSourcesBuildPhase section */
		AE5EEC1C1C9C957D00470ED0 /* Sources */ = {
			isa = PBXSourcesBuildPhase;
			buildActionMask = 2147483647;
			files = (
				AE5EEC2B1C9C957D00470ED0 /* ViewController.m in Sources */,
				AE5EEC281C9C957D00470ED0 /* AppDelegate.m in Sources */,
				AE5EEC251C9C957D00470ED0 /* main.m in Sources */,
			);
			runOnlyForDeploymentPostprocessing = 0;
		};
		AE5EEC351C9C957D00470ED0 /* Sources */ = {
			isa = PBXSourcesBuildPhase;
			buildActionMask = 2147483647;
			files = (
				AE5EEC3E1C9C957D00470ED0 /* Realm_UnitTestsTests.m in Sources */,
			);
			runOnlyForDeploymentPostprocessing = 0;
		};
/* End PBXSourcesBuildPhase section */

/* Begin PBXTargetDependency section */
		AE5EEC3B1C9C957D00470ED0 /* PBXTargetDependency */ = {
			isa = PBXTargetDependency;
			target = AE5EEC1F1C9C957D00470ED0 /* Realm-UnitTests */;
			targetProxy = AE5EEC3A1C9C957D00470ED0 /* PBXContainerItemProxy */;
		};
/* End PBXTargetDependency section */

/* Begin PBXVariantGroup section */
		AE5EEC2C1C9C957D00470ED0 /* Main.storyboard */ = {
			isa = PBXVariantGroup;
			children = (
				AE5EEC2D1C9C957D00470ED0 /* Base */,
			);
			name = Main.storyboard;
			sourceTree = "<group>";
		};
		AE5EEC311C9C957D00470ED0 /* LaunchScreen.storyboard */ = {
			isa = PBXVariantGroup;
			children = (
				AE5EEC321C9C957D00470ED0 /* Base */,
			);
			name = LaunchScreen.storyboard;
			sourceTree = "<group>";
		};
/* End PBXVariantGroup section */

/* Begin XCBuildConfiguration section */
		AE5EEC401C9C957D00470ED0 /* Debug */ = {
			isa = XCBuildConfiguration;
			buildSettings = {
				ALWAYS_SEARCH_USER_PATHS = NO;
				CLANG_CXX_LANGUAGE_STANDARD = "gnu++0x";
				CLANG_CXX_LIBRARY = "libc++";
				CLANG_ENABLE_MODULES = YES;
				CLANG_ENABLE_OBJC_ARC = YES;
				CLANG_WARN_BOOL_CONVERSION = YES;
				CLANG_WARN_CONSTANT_CONVERSION = YES;
				CLANG_WARN_DIRECT_OBJC_ISA_USAGE = YES_ERROR;
				CLANG_WARN_EMPTY_BODY = YES;
				CLANG_WARN_ENUM_CONVERSION = YES;
				CLANG_WARN_INT_CONVERSION = YES;
				CLANG_WARN_OBJC_ROOT_CLASS = YES_ERROR;
				CLANG_WARN_UNREACHABLE_CODE = YES;
				CLANG_WARN__DUPLICATE_METHOD_MATCH = YES;
				"CODE_SIGN_IDENTITY[sdk=iphoneos*]" = "iPhone Developer";
				COPY_PHASE_STRIP = NO;
				DEBUG_INFORMATION_FORMAT = dwarf;
				ENABLE_STRICT_OBJC_MSGSEND = YES;
				ENABLE_TESTABILITY = YES;
				GCC_C_LANGUAGE_STANDARD = gnu99;
				GCC_DYNAMIC_NO_PIC = NO;
				GCC_NO_COMMON_BLOCKS = YES;
				GCC_OPTIMIZATION_LEVEL = 0;
				GCC_PREPROCESSOR_DEFINITIONS = (
					"DEBUG=1",
					"$(inherited)",
				);
				GCC_WARN_64_TO_32_BIT_CONVERSION = YES;
				GCC_WARN_ABOUT_RETURN_TYPE = YES_ERROR;
				GCC_WARN_UNDECLARED_SELECTOR = YES;
				GCC_WARN_UNINITIALIZED_AUTOS = YES_AGGRESSIVE;
				GCC_WARN_UNUSED_FUNCTION = YES;
				GCC_WARN_UNUSED_VARIABLE = YES;
				IPHONEOS_DEPLOYMENT_TARGET = 9.2;
				MTL_ENABLE_DEBUG_INFO = YES;
				ONLY_ACTIVE_ARCH = YES;
				SDKROOT = iphoneos;
				TARGETED_DEVICE_FAMILY = "1,2";
			};
			name = Debug;
		};
		AE5EEC411C9C957D00470ED0 /* Release */ = {
			isa = XCBuildConfiguration;
			buildSettings = {
				ALWAYS_SEARCH_USER_PATHS = NO;
				CLANG_CXX_LANGUAGE_STANDARD = "gnu++0x";
				CLANG_CXX_LIBRARY = "libc++";
				CLANG_ENABLE_MODULES = YES;
				CLANG_ENABLE_OBJC_ARC = YES;
				CLANG_WARN_BOOL_CONVERSION = YES;
				CLANG_WARN_CONSTANT_CONVERSION = YES;
				CLANG_WARN_DIRECT_OBJC_ISA_USAGE = YES_ERROR;
				CLANG_WARN_EMPTY_BODY = YES;
				CLANG_WARN_ENUM_CONVERSION = YES;
				CLANG_WARN_INT_CONVERSION = YES;
				CLANG_WARN_OBJC_ROOT_CLASS = YES_ERROR;
				CLANG_WARN_UNREACHABLE_CODE = YES;
				CLANG_WARN__DUPLICATE_METHOD_MATCH = YES;
				"CODE_SIGN_IDENTITY[sdk=iphoneos*]" = "iPhone Developer";
				COPY_PHASE_STRIP = NO;
				DEBUG_INFORMATION_FORMAT = "dwarf-with-dsym";
				ENABLE_NS_ASSERTIONS = NO;
				ENABLE_STRICT_OBJC_MSGSEND = YES;
				GCC_C_LANGUAGE_STANDARD = gnu99;
				GCC_NO_COMMON_BLOCKS = YES;
				GCC_WARN_64_TO_32_BIT_CONVERSION = YES;
				GCC_WARN_ABOUT_RETURN_TYPE = YES_ERROR;
				GCC_WARN_UNDECLARED_SELECTOR = YES;
				GCC_WARN_UNINITIALIZED_AUTOS = YES_AGGRESSIVE;
				GCC_WARN_UNUSED_FUNCTION = YES;
				GCC_WARN_UNUSED_VARIABLE = YES;
				IPHONEOS_DEPLOYMENT_TARGET = 9.2;
				MTL_ENABLE_DEBUG_INFO = NO;
				SDKROOT = iphoneos;
				TARGETED_DEVICE_FAMILY = "1,2";
				VALIDATE_PRODUCT = YES;
			};
			name = Release;
		};
		AE5EEC431C9C957D00470ED0 /* Debug */ = {
			isa = XCBuildConfiguration;
			buildSettings = {
				ASSETCATALOG_COMPILER_APPICON_NAME = AppIcon;
				INFOPLIST_FILE = "Realm-UnitTests/Info.plist";
				LD_RUNPATH_SEARCH_PATHS = "$(inherited) @executable_path/Frameworks";
				PRODUCT_BUNDLE_IDENTIFIER = "com.LeffelMania.Realm-UnitTests";
				PRODUCT_NAME = "$(TARGET_NAME)";
			};
			name = Debug;
		};
		AE5EEC441C9C957D00470ED0 /* Release */ = {
			isa = XCBuildConfiguration;
			buildSettings = {
				ASSETCATALOG_COMPILER_APPICON_NAME = AppIcon;
				INFOPLIST_FILE = "Realm-UnitTests/Info.plist";
				LD_RUNPATH_SEARCH_PATHS = "$(inherited) @executable_path/Frameworks";
				PRODUCT_BUNDLE_IDENTIFIER = "com.LeffelMania.Realm-UnitTests";
				PRODUCT_NAME = "$(TARGET_NAME)";
			};
			name = Release;
		};
		AE5EEC461C9C957D00470ED0 /* Debug */ = {
			isa = XCBuildConfiguration;
			buildSettings = {
				BUNDLE_LOADER = "$(TEST_HOST)";
				INFOPLIST_FILE = "Realm-UnitTestsTests/Info.plist";
				LD_RUNPATH_SEARCH_PATHS = "$(inherited) @executable_path/Frameworks @loader_path/Frameworks";
				PRODUCT_BUNDLE_IDENTIFIER = "com.LeffelMania.Realm-UnitTestsTests";
				PRODUCT_NAME = "$(TARGET_NAME)";
				TEST_HOST = "$(BUILT_PRODUCTS_DIR)/Realm-UnitTests.app/Realm-UnitTests";
			};
			name = Debug;
		};
		AE5EEC471C9C957D00470ED0 /* Release */ = {
			isa = XCBuildConfiguration;
			buildSettings = {
				BUNDLE_LOADER = "$(TEST_HOST)";
				INFOPLIST_FILE = "Realm-UnitTestsTests/Info.plist";
				LD_RUNPATH_SEARCH_PATHS = "$(inherited) @executable_path/Frameworks @loader_path/Frameworks";
				PRODUCT_BUNDLE_IDENTIFIER = "com.LeffelMania.Realm-UnitTestsTests";
				PRODUCT_NAME = "$(TARGET_NAME)";
				TEST_HOST = "$(BUILT_PRODUCTS_DIR)/Realm-UnitTests.app/Realm-UnitTests";
			};
			name = Release;
		};
/* End XCBuildConfiguration section */

/* Begin XCConfigurationList section */
		AE5EEC1B1C9C957D00470ED0 /* Build configuration list for PBXProject "Realm-UnitTests" */ = {
			isa = XCConfigurationList;
			buildConfigurations = (
				AE5EEC401C9C957D00470ED0 /* Debug */,
				AE5EEC411C9C957D00470ED0 /* Release */,
			);
			defaultConfigurationIsVisible = 0;
			defaultConfigurationName = Release;
		};
		AE5EEC421C9C957D00470ED0 /* Build configuration list for PBXNativeTarget "Realm-UnitTests" */ = {
			isa = XCConfigurationList;
			buildConfigurations = (
				AE5EEC431C9C957D00470ED0 /* Debug */,
				AE5EEC441C9C957D00470ED0 /* Release */,
			);
			defaultConfigurationIsVisible = 0;
		};
		AE5EEC451C9C957D00470ED0 /* Build configuration list for PBXNativeTarget "Realm-UnitTestsTests" */ = {
			isa = XCConfigurationList;
			buildConfigurations = (
				AE5EEC461C9C957D00470ED0 /* Debug */,
				AE5EEC471C9C957D00470ED0 /* Release */,
			);
			defaultConfigurationIsVisible = 0;
		};
/* End XCConfigurationList section */
	};
	rootObject = AE5EEC181C9C957D00470ED0 /* Project object */;
}
